
Microsoft Visual Studio Solution File, Format Version 12.00
# Visual Studio 15
VisualStudioVersion = 15.0.26124.0
MinimumVisualStudioVersion = 15.0.26124.0
Project("{FAE04EC0-301F-11D3-BF4B-00C04F79EFBC}") = "ComITLibraryMVC", "ComITLibraryMVC\ComITLibraryMVC.csproj", "{9B125DF9-1E81-44BF-93B4-F60EE6C24002}"
EndProject
Project("{FAE04EC0-301F-11D3-BF4B-00C04F79EFBC}") = "WordGuess", "WordGuess\WordGuess.csproj", "{3AD14DD3-688A-440B-B73C-9566CA0A7D45}"
EndProject
Project("{FAE04EC0-301F-11D3-BF4B-00C04F79EFBC}") = "comitLibraryTests", "comitLibraryTests\comitLibraryTests.csproj", "{A4CFCC35-C783-4C43-9756-87F9C90EBBAF}"
EndProject
Global
	GlobalSection(SolutionConfigurationPlatforms) = preSolution
		Debug|Any CPU = Debug|Any CPU
		Debug|x64 = Debug|x64
		Debug|x86 = Debug|x86
		Release|Any CPU = Release|Any CPU
		Release|x64 = Release|x64
		Release|x86 = Release|x86
	EndGlobalSection
	GlobalSection(SolutionProperties) = preSolution
		HideSolutionNode = FALSE
	EndGlobalSection
	GlobalSection(ProjectConfigurationPlatforms) = postSolution
		{9B125DF9-1E81-44BF-93B4-F60EE6C24002}.Debug|Any CPU.ActiveCfg = Debug|Any CPU
		{9B125DF9-1E81-44BF-93B4-F60EE6C24002}.Debug|Any CPU.Build.0 = Debug|Any CPU
		{9B125DF9-1E81-44BF-93B4-F60EE6C24002}.Debug|x64.ActiveCfg = Debug|Any CPU
		{9B125DF9-1E81-44BF-93B4-F60EE6C24002}.Debug|x64.Build.0 = Debug|Any CPU
		{9B125DF9-1E81-44BF-93B4-F60EE6C24002}.Debug|x86.ActiveCfg = Debug|Any CPU
		{9B125DF9-1E81-44BF-93B4-F60EE6C24002}.Debug|x86.Build.0 = Debug|Any CPU
		{9B125DF9-1E81-44BF-93B4-F60EE6C24002}.Release|Any CPU.ActiveCfg = Release|Any CPU
		{9B125DF9-1E81-44BF-93B4-F60EE6C24002}.Release|Any CPU.Build.0 = Release|Any CPU
		{9B125DF9-1E81-44BF-93B4-F60EE6C24002}.Release|x64.ActiveCfg = Release|Any CPU
		{9B125DF9-1E81-44BF-93B4-F60EE6C24002}.Release|x64.Build.0 = Release|Any CPU
		{9B125DF9-1E81-44BF-93B4-F60EE6C24002}.Release|x86.ActiveCfg = Release|Any CPU
		{9B125DF9-1E81-44BF-93B4-F60EE6C24002}.Release|x86.Build.0 = Release|Any CPU
		{3AD14DD3-688A-440B-B73C-9566CA0A7D45}.Debug|Any CPU.ActiveCfg = Debug|Any CPU
		{3AD14DD3-688A-440B-B73C-9566CA0A7D45}.Debug|Any CPU.Build.0 = Debug|Any CPU
		{3AD14DD3-688A-440B-B73C-9566CA0A7D45}.Debug|x64.ActiveCfg = Debug|Any CPU
		{3AD14DD3-688A-440B-B73C-9566CA0A7D45}.Debug|x64.Build.0 = Debug|Any CPU
		{3AD14DD3-688A-440B-B73C-9566CA0A7D45}.Debug|x86.ActiveCfg = Debug|Any CPU
		{3AD14DD3-688A-440B-B73C-9566CA0A7D45}.Debug|x86.Build.0 = Debug|Any CPU
		{3AD14DD3-688A-440B-B73C-9566CA0A7D45}.Release|Any CPU.ActiveCfg = Release|Any CPU
		{3AD14DD3-688A-440B-B73C-9566CA0A7D45}.Release|Any CPU.Build.0 = Release|Any CPU
		{3AD14DD3-688A-440B-B73C-9566CA0A7D45}.Release|x64.ActiveCfg = Release|Any CPU
		{3AD14DD3-688A-440B-B73C-9566CA0A7D45}.Release|x64.Build.0 = Release|Any CPU
		{3AD14DD3-688A-440B-B73C-9566CA0A7D45}.Release|x86.ActiveCfg = Release|Any CPU
		{3AD14DD3-688A-440B-B73C-9566CA0A7D45}.Release|x86.Build.0 = Release|Any CPU
		{A4CFCC35-C783-4C43-9756-87F9C90EBBAF}.Debug|Any CPU.ActiveCfg = Debug|Any CPU
		{A4CFCC35-C783-4C43-9756-87F9C90EBBAF}.Debug|Any CPU.Build.0 = Debug|Any CPU
		{A4CFCC35-C783-4C43-9756-87F9C90EBBAF}.Debug|x64.ActiveCfg = Debug|Any CPU
		{A4CFCC35-C783-4C43-9756-87F9C90EBBAF}.Debug|x64.Build.0 = Debug|Any CPU
		{A4CFCC35-C783-4C43-9756-87F9C90EBBAF}.Debug|x86.ActiveCfg = Debug|Any CPU
		{A4CFCC35-C783-4C43-9756-87F9C90EBBAF}.Debug|x86.Build.0 = Debug|Any CPU
		{A4CFCC35-C783-4C43-9756-87F9C90EBBAF}.Release|Any CPU.ActiveCfg = Release|Any CPU
		{A4CFCC35-C783-4C43-9756-87F9C90EBBAF}.Release|Any CPU.Build.0 = Release|Any CPU
		{A4CFCC35-C783-4C43-9756-87F9C90EBBAF}.Release|x64.ActiveCfg = Release|Any CPU
		{A4CFCC35-C783-4C43-9756-87F9C90EBBAF}.Release|x64.Build.0 = Release|Any CPU
		{A4CFCC35-C783-4C43-9756-87F9C90EBBAF}.Release|x86.ActiveCfg = Release|Any CPU
		{A4CFCC35-C783-4C43-9756-87F9C90EBBAF}.Release|x86.Build.0 = Release|Any CPU
	EndGlobalSection
EndGlobal
